
Microsoft Visual Studio Solution File, Format Version 12.00
# Visual Studio Version 17
VisualStudioVersion = 17.11.35312.102
MinimumVisualStudioVersion = 10.0.40219.1
Project("{FAE04EC0-301F-11D3-BF4B-00C04F79EFBC}") = "Movies", "Movies\Movies.csproj", "{D556CDE8-35DE-4369-8C3B-80A577541375}"
EndProject
Global
	GlobalSection(SolutionConfigurationPlatforms) = preSolution
		Debug|Any CPU = Debug|Any CPU
		Release|Any CPU = Release|Any CPU
	EndGlobalSection
	GlobalSection(ProjectConfigurationPlatforms) = postSolution
		{D556CDE8-35DE-4369-8C3B-80A577541375}.Debug|Any CPU.ActiveCfg = Debug|Any CPU
		{D556CDE8-35DE-4369-8C3B-80A577541375}.Debug|Any CPU.Build.0 = Debug|Any CPU
		{D556CDE8-35DE-4369-8C3B-80A577541375}.Release|Any CPU.ActiveCfg = Release|Any CPU
		{D556CDE8-35DE-4369-8C3B-80A577541375}.Release|Any CPU.Build.0 = Release|Any CPU
	EndGlobalSection
	GlobalSection(SolutionProperties) = preSolution
		HideSolutionNode = FALSE
	EndGlobalSection
	GlobalSection(ExtensibilityGlobals) = postSolution
		SolutionGuid = {468113FD-E3BE-4DC9-BEC9-9CDBC5689008}
	EndGlobalSection
EndGlobal
